
Microsoft Visual Studio Solution File, Format Version 12.00
# Visual Studio Version 17
VisualStudioVersion = 17.10.35013.160
MinimumVisualStudioVersion = 10.0.40219.1
Project("{FAE04EC0-301F-11D3-BF4B-00C04F79EFBC}") = "PetAdoption", "PetAdoption\PetAdoption.csproj", "{75DB561D-EE75-4D60-AD1E-06B324B95139}"
EndProject
Global
	GlobalSection(SolutionConfigurationPlatforms) = preSolution
		Debug|Any CPU = Debug|Any CPU
		Release|Any CPU = Release|Any CPU
	EndGlobalSection
	GlobalSection(ProjectConfigurationPlatforms) = postSolution
		{75DB561D-EE75-4D60-AD1E-06B324B95139}.Debug|Any CPU.ActiveCfg = Debug|Any CPU
		{75DB561D-EE75-4D60-AD1E-06B324B95139}.Debug|Any CPU.Build.0 = Debug|Any CPU
		{75DB561D-EE75-4D60-AD1E-06B324B95139}.Release|Any CPU.ActiveCfg = Release|Any CPU
		{75DB561D-EE75-4D60-AD1E-06B324B95139}.Release|Any CPU.Build.0 = Release|Any CPU
	EndGlobalSection
	GlobalSection(SolutionProperties) = preSolution
		HideSolutionNode = FALSE
	EndGlobalSection
	GlobalSection(ExtensibilityGlobals) = postSolution
		SolutionGuid = {5D0C7725-0567-4B91-B80B-152C76058F62}
	EndGlobalSection
EndGlobal
